
Microsoft Visual Studio Solution File, Format Version 12.00
# Visual Studio 15
VisualStudioVersion = 15.0.28307.1738
MinimumVisualStudioVersion = 10.0.40219.1
Project("{FAE04EC0-301F-11D3-BF4B-00C04F79EFBC}") = "LibraryMVC", "LibraryMVC\LibraryMVC.csproj", "{EC497968-562D-41C6-86D4-CF0BF7B896F4}"
EndProject
Global
	GlobalSection(SolutionConfigurationPlatforms) = preSolution
		Debug|Any CPU = Debug|Any CPU
		Release|Any CPU = Release|Any CPU
	EndGlobalSection
	GlobalSection(ProjectConfigurationPlatforms) = postSolution
		{EC497968-562D-41C6-86D4-CF0BF7B896F4}.Debug|Any CPU.ActiveCfg = Debug|Any CPU
		{EC497968-562D-41C6-86D4-CF0BF7B896F4}.Debug|Any CPU.Build.0 = Debug|Any CPU
		{EC497968-562D-41C6-86D4-CF0BF7B896F4}.Release|Any CPU.ActiveCfg = Release|Any CPU
		{EC497968-562D-41C6-86D4-CF0BF7B896F4}.Release|Any CPU.Build.0 = Release|Any CPU
	EndGlobalSection
	GlobalSection(SolutionProperties) = preSolution
		HideSolutionNode = FALSE
	EndGlobalSection
	GlobalSection(ExtensibilityGlobals) = postSolution
		SolutionGuid = {6A20CE1C-45FA-45BD-9D7E-F5FFFAD31321}
	EndGlobalSection
EndGlobal
